
Microsoft Visual Studio Solution File, Format Version 12.00
# Visual Studio Version 16
VisualStudioVersion = 16.0.31205.134
MinimumVisualStudioVersion = 10.0.40219.1
Project("{FAE04EC0-301F-11D3-BF4B-00C04F79EFBC}") = "Lab01", "Lab01\Lab01.csproj", "{AD26C0A6-E424-43BB-BB1A-BBD3A1ACA99B}"
EndProject
Project("{FAE04EC0-301F-11D3-BF4B-00C04F79EFBC}") = "Lab02", "Lab02\Lab02.csproj", "{9ED5DFBA-962B-47F0-9D51-B85F38A14E6B}"
EndProject
Project("{FAE04EC0-301F-11D3-BF4B-00C04F79EFBC}") = "Lab03", "Lab03\Lab03.csproj", "{1FC202C7-8F3C-40E7-B5CF-FD2A6F63A6DB}"
EndProject
Project("{FAE04EC0-301F-11D3-BF4B-00C04F79EFBC}") = "Lab04", "Lab04\Lab04.csproj", "{B0F8A3C2-0B7F-448A-9983-4946C90AA6BA}"
EndProject
Project("{FAE04EC0-301F-11D3-BF4B-00C04F79EFBC}") = "Lab05", "Lab05\Lab05.csproj", "{8580BA7D-58C0-42CC-812B-E2DDA7E0505F}"
EndProject
Project("{FAE04EC0-301F-11D3-BF4B-00C04F79EFBC}") = "Lab06", "Lab06\Lab06.csproj", "{F4AC58B4-53CB-48E8-A734-6CF53F51B9BE}"
EndProject
Global
	GlobalSection(SolutionConfigurationPlatforms) = preSolution
		Debug|Any CPU = Debug|Any CPU
		Release|Any CPU = Release|Any CPU
	EndGlobalSection
	GlobalSection(ProjectConfigurationPlatforms) = postSolution
		{AD26C0A6-E424-43BB-BB1A-BBD3A1ACA99B}.Debug|Any CPU.ActiveCfg = Debug|Any CPU
		{AD26C0A6-E424-43BB-BB1A-BBD3A1ACA99B}.Debug|Any CPU.Build.0 = Debug|Any CPU
		{AD26C0A6-E424-43BB-BB1A-BBD3A1ACA99B}.Release|Any CPU.ActiveCfg = Release|Any CPU
		{AD26C0A6-E424-43BB-BB1A-BBD3A1ACA99B}.Release|Any CPU.Build.0 = Release|Any CPU
		{9ED5DFBA-962B-47F0-9D51-B85F38A14E6B}.Debug|Any CPU.ActiveCfg = Debug|Any CPU
		{9ED5DFBA-962B-47F0-9D51-B85F38A14E6B}.Debug|Any CPU.Build.0 = Debug|Any CPU
		{9ED5DFBA-962B-47F0-9D51-B85F38A14E6B}.Release|Any CPU.ActiveCfg = Release|Any CPU
		{9ED5DFBA-962B-47F0-9D51-B85F38A14E6B}.Release|Any CPU.Build.0 = Release|Any CPU
		{1FC202C7-8F3C-40E7-B5CF-FD2A6F63A6DB}.Debug|Any CPU.ActiveCfg = Debug|Any CPU
		{1FC202C7-8F3C-40E7-B5CF-FD2A6F63A6DB}.Debug|Any CPU.Build.0 = Debug|Any CPU
		{1FC202C7-8F3C-40E7-B5CF-FD2A6F63A6DB}.Release|Any CPU.ActiveCfg = Release|Any CPU
		{1FC202C7-8F3C-40E7-B5CF-FD2A6F63A6DB}.Release|Any CPU.Build.0 = Release|Any CPU
		{B0F8A3C2-0B7F-448A-9983-4946C90AA6BA}.Debug|Any CPU.ActiveCfg = Debug|Any CPU
		{B0F8A3C2-0B7F-448A-9983-4946C90AA6BA}.Debug|Any CPU.Build.0 = Debug|Any CPU
		{B0F8A3C2-0B7F-448A-9983-4946C90AA6BA}.Release|Any CPU.ActiveCfg = Release|Any CPU
		{B0F8A3C2-0B7F-448A-9983-4946C90AA6BA}.Release|Any CPU.Build.0 = Release|Any CPU
		{8580BA7D-58C0-42CC-812B-E2DDA7E0505F}.Debug|Any CPU.ActiveCfg = Debug|Any CPU
		{8580BA7D-58C0-42CC-812B-E2DDA7E0505F}.Debug|Any CPU.Build.0 = Debug|Any CPU
		{8580BA7D-58C0-42CC-812B-E2DDA7E0505F}.Release|Any CPU.ActiveCfg = Release|Any CPU
		{8580BA7D-58C0-42CC-812B-E2DDA7E0505F}.Release|Any CPU.Build.0 = Release|Any CPU
		{F4AC58B4-53CB-48E8-A734-6CF53F51B9BE}.Debug|Any CPU.ActiveCfg = Debug|Any CPU
		{F4AC58B4-53CB-48E8-A734-6CF53F51B9BE}.Debug|Any CPU.Build.0 = Debug|Any CPU
		{F4AC58B4-53CB-48E8-A734-6CF53F51B9BE}.Release|Any CPU.ActiveCfg = Release|Any CPU
		{F4AC58B4-53CB-48E8-A734-6CF53F51B9BE}.Release|Any CPU.Build.0 = Release|Any CPU
	EndGlobalSection
	GlobalSection(SolutionProperties) = preSolution
		HideSolutionNode = FALSE
	EndGlobalSection
	GlobalSection(ExtensibilityGlobals) = postSolution
		SolutionGuid = {456FA69C-5FCD-46E7-9F0E-49B46610C099}
	EndGlobalSection
EndGlobal
