
Microsoft Visual Studio Solution File, Format Version 12.00
# Visual Studio Version 16
VisualStudioVersion = 16.0.31205.134
MinimumVisualStudioVersion = 10.0.40219.1
Project("{FAE04EC0-301F-11D3-BF4B-00C04F79EFBC}") = "Lab01", "Lab01\Lab01.csproj", "{AD26C0A6-E424-43BB-BB1A-BBD3A1ACA99B}"
EndProject
Project("{FAE04EC0-301F-11D3-BF4B-00C04F79EFBC}") = "Lab02", "Lab02\Lab02.csproj", "{9ED5DFBA-962B-47F0-9D51-B85F38A14E6B}"
EndProject
Project("{FAE04EC0-301F-11D3-BF4B-00C04F79EFBC}") = "Lab03", "Lab03\Lab03.csproj", "{1FC202C7-8F3C-40E7-B5CF-FD2A6F63A6DB}"
EndProject
Project("{FAE04EC0-301F-11D3-BF4B-00C04F79EFBC}") = "Lab04", "Lab04\Lab04.csproj", "{B0F8A3C2-0B7F-448A-9983-4946C90AA6BA}"
EndProject
Project("{FAE04EC0-301F-11D3-BF4B-00C04F79EFBC}") = "Lab05", "Lab05\Lab05.csproj", "{8580BA7D-58C0-42CC-812B-E2DDA7E0505F}"
EndProject
Project("{FAE04EC0-301F-11D3-BF4B-00C04F79EFBC}") = "Lab06", "Lab06\Lab06.csproj", "{F4AC58B4-53CB-48E8-A734-6CF53F51B9BE}"
EndProject
Project("{FAE04EC0-301F-11D3-BF4B-00C04F79EFBC}") = "Lab07", "Lab07\Lab07.csproj", "{54C51D11-F404-441A-A8E7-B5860B666C10}"
EndProject
Project("{FAE04EC0-301F-11D3-BF4B-00C04F79EFBC}") = "Lab08", "Lab08\Lab08.csproj", "{3A36D3C7-9899-456E-A81D-DA37D9CBDA0F}"
EndProject
Project("{FAE04EC0-301F-11D3-BF4B-00C04F79EFBC}") = "Lab09", "Lab09\Lab09.CSPROJ", "{E90F222B-6077-40A5-80AD-A200D1FDCF78}"
EndProject
Project("{FAE04EC0-301F-11D3-BF4B-00C04F79EFBC}") = "Lab10", "Lab10\Lab10.csproj", "{62518B64-09FB-4F76-AAF9-914998D76B70}"
EndProject
Global
	GlobalSection(SolutionConfigurationPlatforms) = preSolution
		Debug|Any CPU = Debug|Any CPU
		Debug|x64 = Debug|x64
		Debug|x86 = Debug|x86
		Release|Any CPU = Release|Any CPU
		Release|x64 = Release|x64
		Release|x86 = Release|x86
	EndGlobalSection
	GlobalSection(ProjectConfigurationPlatforms) = postSolution
		{AD26C0A6-E424-43BB-BB1A-BBD3A1ACA99B}.Debug|Any CPU.ActiveCfg = Debug|Any CPU
		{AD26C0A6-E424-43BB-BB1A-BBD3A1ACA99B}.Debug|Any CPU.Build.0 = Debug|Any CPU
		{AD26C0A6-E424-43BB-BB1A-BBD3A1ACA99B}.Debug|x64.ActiveCfg = Debug|Any CPU
		{AD26C0A6-E424-43BB-BB1A-BBD3A1ACA99B}.Debug|x64.Build.0 = Debug|Any CPU
		{AD26C0A6-E424-43BB-BB1A-BBD3A1ACA99B}.Debug|x86.ActiveCfg = Debug|Any CPU
		{AD26C0A6-E424-43BB-BB1A-BBD3A1ACA99B}.Debug|x86.Build.0 = Debug|Any CPU
		{AD26C0A6-E424-43BB-BB1A-BBD3A1ACA99B}.Release|Any CPU.ActiveCfg = Release|Any CPU
		{AD26C0A6-E424-43BB-BB1A-BBD3A1ACA99B}.Release|Any CPU.Build.0 = Release|Any CPU
		{AD26C0A6-E424-43BB-BB1A-BBD3A1ACA99B}.Release|x64.ActiveCfg = Release|Any CPU
		{AD26C0A6-E424-43BB-BB1A-BBD3A1ACA99B}.Release|x64.Build.0 = Release|Any CPU
		{AD26C0A6-E424-43BB-BB1A-BBD3A1ACA99B}.Release|x86.ActiveCfg = Release|Any CPU
		{AD26C0A6-E424-43BB-BB1A-BBD3A1ACA99B}.Release|x86.Build.0 = Release|Any CPU
		{9ED5DFBA-962B-47F0-9D51-B85F38A14E6B}.Debug|Any CPU.ActiveCfg = Debug|Any CPU
		{9ED5DFBA-962B-47F0-9D51-B85F38A14E6B}.Debug|Any CPU.Build.0 = Debug|Any CPU
		{9ED5DFBA-962B-47F0-9D51-B85F38A14E6B}.Debug|x64.ActiveCfg = Debug|Any CPU
		{9ED5DFBA-962B-47F0-9D51-B85F38A14E6B}.Debug|x64.Build.0 = Debug|Any CPU
		{9ED5DFBA-962B-47F0-9D51-B85F38A14E6B}.Debug|x86.ActiveCfg = Debug|Any CPU
		{9ED5DFBA-962B-47F0-9D51-B85F38A14E6B}.Debug|x86.Build.0 = Debug|Any CPU
		{9ED5DFBA-962B-47F0-9D51-B85F38A14E6B}.Release|Any CPU.ActiveCfg = Release|Any CPU
		{9ED5DFBA-962B-47F0-9D51-B85F38A14E6B}.Release|Any CPU.Build.0 = Release|Any CPU
		{9ED5DFBA-962B-47F0-9D51-B85F38A14E6B}.Release|x64.ActiveCfg = Release|Any CPU
		{9ED5DFBA-962B-47F0-9D51-B85F38A14E6B}.Release|x64.Build.0 = Release|Any CPU
		{9ED5DFBA-962B-47F0-9D51-B85F38A14E6B}.Release|x86.ActiveCfg = Release|Any CPU
		{9ED5DFBA-962B-47F0-9D51-B85F38A14E6B}.Release|x86.Build.0 = Release|Any CPU
		{1FC202C7-8F3C-40E7-B5CF-FD2A6F63A6DB}.Debug|Any CPU.ActiveCfg = Debug|Any CPU
		{1FC202C7-8F3C-40E7-B5CF-FD2A6F63A6DB}.Debug|Any CPU.Build.0 = Debug|Any CPU
		{1FC202C7-8F3C-40E7-B5CF-FD2A6F63A6DB}.Debug|x64.ActiveCfg = Debug|Any CPU
		{1FC202C7-8F3C-40E7-B5CF-FD2A6F63A6DB}.Debug|x64.Build.0 = Debug|Any CPU
		{1FC202C7-8F3C-40E7-B5CF-FD2A6F63A6DB}.Debug|x86.ActiveCfg = Debug|Any CPU
		{1FC202C7-8F3C-40E7-B5CF-FD2A6F63A6DB}.Debug|x86.Build.0 = Debug|Any CPU
		{1FC202C7-8F3C-40E7-B5CF-FD2A6F63A6DB}.Release|Any CPU.ActiveCfg = Release|Any CPU
		{1FC202C7-8F3C-40E7-B5CF-FD2A6F63A6DB}.Release|Any CPU.Build.0 = Release|Any CPU
		{1FC202C7-8F3C-40E7-B5CF-FD2A6F63A6DB}.Release|x64.ActiveCfg = Release|Any CPU
		{1FC202C7-8F3C-40E7-B5CF-FD2A6F63A6DB}.Release|x64.Build.0 = Release|Any CPU
		{1FC202C7-8F3C-40E7-B5CF-FD2A6F63A6DB}.Release|x86.ActiveCfg = Release|Any CPU
		{1FC202C7-8F3C-40E7-B5CF-FD2A6F63A6DB}.Release|x86.Build.0 = Release|Any CPU
		{B0F8A3C2-0B7F-448A-9983-4946C90AA6BA}.Debug|Any CPU.ActiveCfg = Debug|Any CPU
		{B0F8A3C2-0B7F-448A-9983-4946C90AA6BA}.Debug|Any CPU.Build.0 = Debug|Any CPU
		{B0F8A3C2-0B7F-448A-9983-4946C90AA6BA}.Debug|x64.ActiveCfg = Debug|Any CPU
		{B0F8A3C2-0B7F-448A-9983-4946C90AA6BA}.Debug|x64.Build.0 = Debug|Any CPU
		{B0F8A3C2-0B7F-448A-9983-4946C90AA6BA}.Debug|x86.ActiveCfg = Debug|Any CPU
		{B0F8A3C2-0B7F-448A-9983-4946C90AA6BA}.Debug|x86.Build.0 = Debug|Any CPU
		{B0F8A3C2-0B7F-448A-9983-4946C90AA6BA}.Release|Any CPU.ActiveCfg = Release|Any CPU
		{B0F8A3C2-0B7F-448A-9983-4946C90AA6BA}.Release|Any CPU.Build.0 = Release|Any CPU
		{B0F8A3C2-0B7F-448A-9983-4946C90AA6BA}.Release|x64.ActiveCfg = Release|Any CPU
		{B0F8A3C2-0B7F-448A-9983-4946C90AA6BA}.Release|x64.Build.0 = Release|Any CPU
		{B0F8A3C2-0B7F-448A-9983-4946C90AA6BA}.Release|x86.ActiveCfg = Release|Any CPU
		{B0F8A3C2-0B7F-448A-9983-4946C90AA6BA}.Release|x86.Build.0 = Release|Any CPU
		{8580BA7D-58C0-42CC-812B-E2DDA7E0505F}.Debug|Any CPU.ActiveCfg = Debug|Any CPU
		{8580BA7D-58C0-42CC-812B-E2DDA7E0505F}.Debug|Any CPU.Build.0 = Debug|Any CPU
		{8580BA7D-58C0-42CC-812B-E2DDA7E0505F}.Debug|x64.ActiveCfg = Debug|Any CPU
		{8580BA7D-58C0-42CC-812B-E2DDA7E0505F}.Debug|x64.Build.0 = Debug|Any CPU
		{8580BA7D-58C0-42CC-812B-E2DDA7E0505F}.Debug|x86.ActiveCfg = Debug|Any CPU
		{8580BA7D-58C0-42CC-812B-E2DDA7E0505F}.Debug|x86.Build.0 = Debug|Any CPU
		{8580BA7D-58C0-42CC-812B-E2DDA7E0505F}.Release|Any CPU.ActiveCfg = Release|Any CPU
		{8580BA7D-58C0-42CC-812B-E2DDA7E0505F}.Release|Any CPU.Build.0 = Release|Any CPU
		{8580BA7D-58C0-42CC-812B-E2DDA7E0505F}.Release|x64.ActiveCfg = Release|Any CPU
		{8580BA7D-58C0-42CC-812B-E2DDA7E0505F}.Release|x64.Build.0 = Release|Any CPU
		{8580BA7D-58C0-42CC-812B-E2DDA7E0505F}.Release|x86.ActiveCfg = Release|Any CPU
		{8580BA7D-58C0-42CC-812B-E2DDA7E0505F}.Release|x86.Build.0 = Release|Any CPU
		{F4AC58B4-53CB-48E8-A734-6CF53F51B9BE}.Debug|Any CPU.ActiveCfg = Debug|Any CPU
		{F4AC58B4-53CB-48E8-A734-6CF53F51B9BE}.Debug|Any CPU.Build.0 = Debug|Any CPU
		{F4AC58B4-53CB-48E8-A734-6CF53F51B9BE}.Debug|x64.ActiveCfg = Debug|Any CPU
		{F4AC58B4-53CB-48E8-A734-6CF53F51B9BE}.Debug|x64.Build.0 = Debug|Any CPU
		{F4AC58B4-53CB-48E8-A734-6CF53F51B9BE}.Debug|x86.ActiveCfg = Debug|Any CPU
		{F4AC58B4-53CB-48E8-A734-6CF53F51B9BE}.Debug|x86.Build.0 = Debug|Any CPU
		{F4AC58B4-53CB-48E8-A734-6CF53F51B9BE}.Release|Any CPU.ActiveCfg = Release|Any CPU
		{F4AC58B4-53CB-48E8-A734-6CF53F51B9BE}.Release|Any CPU.Build.0 = Release|Any CPU
		{F4AC58B4-53CB-48E8-A734-6CF53F51B9BE}.Release|x64.ActiveCfg = Release|Any CPU
		{F4AC58B4-53CB-48E8-A734-6CF53F51B9BE}.Release|x64.Build.0 = Release|Any CPU
		{F4AC58B4-53CB-48E8-A734-6CF53F51B9BE}.Release|x86.ActiveCfg = Release|Any CPU
		{F4AC58B4-53CB-48E8-A734-6CF53F51B9BE}.Release|x86.Build.0 = Release|Any CPU
		{54C51D11-F404-441A-A8E7-B5860B666C10}.Debug|Any CPU.ActiveCfg = Debug|Any CPU
		{54C51D11-F404-441A-A8E7-B5860B666C10}.Debug|Any CPU.Build.0 = Debug|Any CPU
		{54C51D11-F404-441A-A8E7-B5860B666C10}.Debug|x64.ActiveCfg = Debug|Any CPU
		{54C51D11-F404-441A-A8E7-B5860B666C10}.Debug|x64.Build.0 = Debug|Any CPU
		{54C51D11-F404-441A-A8E7-B5860B666C10}.Debug|x86.ActiveCfg = Debug|Any CPU
		{54C51D11-F404-441A-A8E7-B5860B666C10}.Debug|x86.Build.0 = Debug|Any CPU
		{54C51D11-F404-441A-A8E7-B5860B666C10}.Release|Any CPU.ActiveCfg = Release|Any CPU
		{54C51D11-F404-441A-A8E7-B5860B666C10}.Release|Any CPU.Build.0 = Release|Any CPU
		{54C51D11-F404-441A-A8E7-B5860B666C10}.Release|x64.ActiveCfg = Release|Any CPU
		{54C51D11-F404-441A-A8E7-B5860B666C10}.Release|x64.Build.0 = Release|Any CPU
		{54C51D11-F404-441A-A8E7-B5860B666C10}.Release|x86.ActiveCfg = Release|Any CPU
		{54C51D11-F404-441A-A8E7-B5860B666C10}.Release|x86.Build.0 = Release|Any CPU
		{3A36D3C7-9899-456E-A81D-DA37D9CBDA0F}.Debug|Any CPU.ActiveCfg = Debug|Any CPU
		{3A36D3C7-9899-456E-A81D-DA37D9CBDA0F}.Debug|Any CPU.Build.0 = Debug|Any CPU
		{3A36D3C7-9899-456E-A81D-DA37D9CBDA0F}.Debug|x64.ActiveCfg = Debug|Any CPU
		{3A36D3C7-9899-456E-A81D-DA37D9CBDA0F}.Debug|x64.Build.0 = Debug|Any CPU
		{3A36D3C7-9899-456E-A81D-DA37D9CBDA0F}.Debug|x86.ActiveCfg = Debug|Any CPU
		{3A36D3C7-9899-456E-A81D-DA37D9CBDA0F}.Debug|x86.Build.0 = Debug|Any CPU
		{3A36D3C7-9899-456E-A81D-DA37D9CBDA0F}.Release|Any CPU.ActiveCfg = Release|Any CPU
		{3A36D3C7-9899-456E-A81D-DA37D9CBDA0F}.Release|Any CPU.Build.0 = Release|Any CPU
		{3A36D3C7-9899-456E-A81D-DA37D9CBDA0F}.Release|x64.ActiveCfg = Release|Any CPU
		{3A36D3C7-9899-456E-A81D-DA37D9CBDA0F}.Release|x64.Build.0 = Release|Any CPU
		{3A36D3C7-9899-456E-A81D-DA37D9CBDA0F}.Release|x86.ActiveCfg = Release|Any CPU
		{3A36D3C7-9899-456E-A81D-DA37D9CBDA0F}.Release|x86.Build.0 = Release|Any CPU
		{E90F222B-6077-40A5-80AD-A200D1FDCF78}.Debug|Any CPU.ActiveCfg = Debug|Any CPU
		{E90F222B-6077-40A5-80AD-A200D1FDCF78}.Debug|Any CPU.Build.0 = Debug|Any CPU
		{E90F222B-6077-40A5-80AD-A200D1FDCF78}.Debug|x64.ActiveCfg = Debug|Any CPU
		{E90F222B-6077-40A5-80AD-A200D1FDCF78}.Debug|x64.Build.0 = Debug|Any CPU
		{E90F222B-6077-40A5-80AD-A200D1FDCF78}.Debug|x86.ActiveCfg = Debug|Any CPU
		{E90F222B-6077-40A5-80AD-A200D1FDCF78}.Debug|x86.Build.0 = Debug|Any CPU
		{E90F222B-6077-40A5-80AD-A200D1FDCF78}.Release|Any CPU.ActiveCfg = Release|Any CPU
		{E90F222B-6077-40A5-80AD-A200D1FDCF78}.Release|Any CPU.Build.0 = Release|Any CPU
		{E90F222B-6077-40A5-80AD-A200D1FDCF78}.Release|x64.ActiveCfg = Release|Any CPU
		{E90F222B-6077-40A5-80AD-A200D1FDCF78}.Release|x64.Build.0 = Release|Any CPU
		{E90F222B-6077-40A5-80AD-A200D1FDCF78}.Release|x86.ActiveCfg = Release|Any CPU
		{E90F222B-6077-40A5-80AD-A200D1FDCF78}.Release|x86.Build.0 = Release|Any CPU
		{62518B64-09FB-4F76-AAF9-914998D76B70}.Debug|Any CPU.ActiveCfg = Debug|Any CPU
		{62518B64-09FB-4F76-AAF9-914998D76B70}.Debug|Any CPU.Build.0 = Debug|Any CPU
		{62518B64-09FB-4F76-AAF9-914998D76B70}.Debug|x64.ActiveCfg = Debug|Any CPU
		{62518B64-09FB-4F76-AAF9-914998D76B70}.Debug|x64.Build.0 = Debug|Any CPU
		{62518B64-09FB-4F76-AAF9-914998D76B70}.Debug|x86.ActiveCfg = Debug|Any CPU
		{62518B64-09FB-4F76-AAF9-914998D76B70}.Debug|x86.Build.0 = Debug|Any CPU
		{62518B64-09FB-4F76-AAF9-914998D76B70}.Release|Any CPU.ActiveCfg = Release|Any CPU
		{62518B64-09FB-4F76-AAF9-914998D76B70}.Release|Any CPU.Build.0 = Release|Any CPU
		{62518B64-09FB-4F76-AAF9-914998D76B70}.Release|x64.ActiveCfg = Release|Any CPU
		{62518B64-09FB-4F76-AAF9-914998D76B70}.Release|x64.Build.0 = Release|Any CPU
		{62518B64-09FB-4F76-AAF9-914998D76B70}.Release|x86.ActiveCfg = Release|Any CPU
		{62518B64-09FB-4F76-AAF9-914998D76B70}.Release|x86.Build.0 = Release|Any CPU
	EndGlobalSection
	GlobalSection(SolutionProperties) = preSolution
		HideSolutionNode = FALSE
	EndGlobalSection
	GlobalSection(ExtensibilityGlobals) = postSolution
		SolutionGuid = {456FA69C-5FCD-46E7-9F0E-49B46610C099}
	EndGlobalSection
EndGlobal
